
Microsoft Visual Studio Solution File, Format Version 12.00
# Visual Studio Version 17
VisualStudioVersion = 17.2.32519.379
MinimumVisualStudioVersion = 10.0.40219.1
Project("{FAE04EC0-301F-11D3-BF4B-00C04F79EFBC}") = "MvcBlog", "MvcBlog\MvcBlog.csproj", "{96BFBB35-DDFB-4A7B-A04A-62BF0664C4D2}"
EndProject
Global
	GlobalSection(SolutionConfigurationPlatforms) = preSolution
		Debug|Any CPU = Debug|Any CPU
		Release|Any CPU = Release|Any CPU
	EndGlobalSection
	GlobalSection(ProjectConfigurationPlatforms) = postSolution
		{96BFBB35-DDFB-4A7B-A04A-62BF0664C4D2}.Debug|Any CPU.ActiveCfg = Debug|Any CPU
		{96BFBB35-DDFB-4A7B-A04A-62BF0664C4D2}.Debug|Any CPU.Build.0 = Debug|Any CPU
		{96BFBB35-DDFB-4A7B-A04A-62BF0664C4D2}.Release|Any CPU.ActiveCfg = Release|Any CPU
		{96BFBB35-DDFB-4A7B-A04A-62BF0664C4D2}.Release|Any CPU.Build.0 = Release|Any CPU
	EndGlobalSection
	GlobalSection(SolutionProperties) = preSolution
		HideSolutionNode = FALSE
	EndGlobalSection
	GlobalSection(ExtensibilityGlobals) = postSolution
		SolutionGuid = {50050D36-A79A-411C-B94A-41783DFBBA93}
	EndGlobalSection
EndGlobal
